
Microsoft Visual Studio Solution File, Format Version 12.00
# Visual Studio Version 17
VisualStudioVersion = 17.14.36127.28
MinimumVisualStudioVersion = 10.0.40219.1
Project("{FAE04EC0-301F-11D3-BF4B-00C04F79EFBC}") = "Event Management", "Event Management\Event Management.csproj", "{47765E2B-3D99-4DB8-9CBA-A5CCBB92187C}"
EndProject
Project("{2150E333-8FDC-42A3-9474-1A3956D46DE8}") = "Solution Items", "Solution Items", "{8EC462FD-D22E-90A8-E5CE-7E832BA40C5D}"
	ProjectSection(SolutionItems) = preProject
		.gitignore = .gitignore
		Readme.rd = Readme.rd
	EndProjectSection
EndProject
Project("{FAE04EC0-301F-11D3-BF4B-00C04F79EFBC}") = "Eventpro.Domain", "Eventpro.Domain\Eventpro.Domain.csproj", "{97DD8ECC-91CE-4CC1-9317-2A560E11E337}"
EndProject
Project("{FAE04EC0-301F-11D3-BF4B-00C04F79EFBC}") = "Eventpro.DataAccess", "Eventpro.DataAccess\Eventpro.DataAccess.csproj", "{DB18E5F4-08EA-4111-BE48-2B998E2F7195}"
EndProject
Project("{FAE04EC0-301F-11D3-BF4B-00C04F79EFBC}") = "Eventpro.Service", "Eventpro.Service\Eventpro.Service.csproj", "{A3822117-A4FA-4A9C-9736-FA0C37D48183}"
EndProject
Global
	GlobalSection(SolutionConfigurationPlatforms) = preSolution
		Debug|Any CPU = Debug|Any CPU
		Release|Any CPU = Release|Any CPU
	EndGlobalSection
	GlobalSection(ProjectConfigurationPlatforms) = postSolution
		{47765E2B-3D99-4DB8-9CBA-A5CCBB92187C}.Debug|Any CPU.ActiveCfg = Debug|Any CPU
		{47765E2B-3D99-4DB8-9CBA-A5CCBB92187C}.Debug|Any CPU.Build.0 = Debug|Any CPU
		{47765E2B-3D99-4DB8-9CBA-A5CCBB92187C}.Release|Any CPU.ActiveCfg = Release|Any CPU
		{47765E2B-3D99-4DB8-9CBA-A5CCBB92187C}.Release|Any CPU.Build.0 = Release|Any CPU
		{97DD8ECC-91CE-4CC1-9317-2A560E11E337}.Debug|Any CPU.ActiveCfg = Debug|Any CPU
		{97DD8ECC-91CE-4CC1-9317-2A560E11E337}.Debug|Any CPU.Build.0 = Debug|Any CPU
		{97DD8ECC-91CE-4CC1-9317-2A560E11E337}.Release|Any CPU.ActiveCfg = Release|Any CPU
		{97DD8ECC-91CE-4CC1-9317-2A560E11E337}.Release|Any CPU.Build.0 = Release|Any CPU
		{DB18E5F4-08EA-4111-BE48-2B998E2F7195}.Debug|Any CPU.ActiveCfg = Debug|Any CPU
		{DB18E5F4-08EA-4111-BE48-2B998E2F7195}.Debug|Any CPU.Build.0 = Debug|Any CPU
		{DB18E5F4-08EA-4111-BE48-2B998E2F7195}.Release|Any CPU.ActiveCfg = Release|Any CPU
		{DB18E5F4-08EA-4111-BE48-2B998E2F7195}.Release|Any CPU.Build.0 = Release|Any CPU
		{A3822117-A4FA-4A9C-9736-FA0C37D48183}.Debug|Any CPU.ActiveCfg = Debug|Any CPU
		{A3822117-A4FA-4A9C-9736-FA0C37D48183}.Debug|Any CPU.Build.0 = Debug|Any CPU
		{A3822117-A4FA-4A9C-9736-FA0C37D48183}.Release|Any CPU.ActiveCfg = Release|Any CPU
		{A3822117-A4FA-4A9C-9736-FA0C37D48183}.Release|Any CPU.Build.0 = Release|Any CPU
	EndGlobalSection
	GlobalSection(SolutionProperties) = preSolution
		HideSolutionNode = FALSE
	EndGlobalSection
	GlobalSection(ExtensibilityGlobals) = postSolution
		SolutionGuid = {85AB517B-DC84-4840-AB42-438874AB01A0}
	EndGlobalSection
EndGlobal
